
Microsoft Visual Studio Solution File, Format Version 12.00
# Visual Studio Version 16
VisualStudioVersion = 16.0.32428.217
MinimumVisualStudioVersion = 10.0.40219.1
Project("{FAE04EC0-301F-11D3-BF4B-00C04F79EFBC}") = "Snake_Game", "Snake_Game.csproj", "{7FE83139-FA10-4C88-88D8-A6D8EA2EDDB9}"
EndProject
Global
	GlobalSection(SolutionConfigurationPlatforms) = preSolution
		Debug|Any CPU = Debug|Any CPU
		Release|Any CPU = Release|Any CPU
	EndGlobalSection
	GlobalSection(ProjectConfigurationPlatforms) = postSolution
		{7FE83139-FA10-4C88-88D8-A6D8EA2EDDB9}.Debug|Any CPU.ActiveCfg = Debug|Any CPU
		{7FE83139-FA10-4C88-88D8-A6D8EA2EDDB9}.Debug|Any CPU.Build.0 = Debug|Any CPU
		{7FE83139-FA10-4C88-88D8-A6D8EA2EDDB9}.Release|Any CPU.ActiveCfg = Release|Any CPU
		{7FE83139-FA10-4C88-88D8-A6D8EA2EDDB9}.Release|Any CPU.Build.0 = Release|Any CPU
	EndGlobalSection
	GlobalSection(SolutionProperties) = preSolution
		HideSolutionNode = FALSE
	EndGlobalSection
	GlobalSection(ExtensibilityGlobals) = postSolution
		SolutionGuid = {18D1C205-CAA3-4F92-AADC-ED624732E415}
	EndGlobalSection
EndGlobal
